PODS:
  - Alamofire (5.2.1)
  - imglyKit (10.14.0)
  - iOSPhotoEditor (1.0.0)
  - libwebp (1.1.0):
    - libwebp/demux (= 1.1.0)
    - libwebp/mux (= 1.1.0)
    - libwebp/webp (= 1.1.0)
  - libwebp/demux (1.1.0):
    - libwebp/webp
  - libwebp/mux (1.1.0):
    - libwebp/demux
  - libwebp/webp (1.1.0)
  - MBProgressHUD (1.1.0)
  - OneSignal (2.14.0)
  - PhotoEditorSDK (10.14.0):
    - imglyKit (= 10.14.0)
  - Realm (5.0.2):
    - Realm/Headers (= 5.0.2)
  - Realm/Headers (5.0.2)
  - RealmSwift (5.0.2):
    - Realm (= 5.0.2)
  - SCLAlertView (0.8)
  - SDWebImage (5.8.0):
    - SDWebImage/Core (= 5.8.0)
  - SDWebImage/Core (5.8.0)
  - SDWebImageWebPCoder (0.6.1):
    - libwebp (~> 1.0)
    - SDWebImage/Core (~> 5.7)
  - SideMenu (6.4.8)
  - SwiftyJSON (4.3.0)

DEPENDENCIES:
  - Alamofire
  - iOSPhotoEditor
  - MBProgressHUD (~> 1.1.0)
  - OneSignal (< 3.0, >= 2.6.2)
  - PhotoEditorSDK
  - RealmSwift
  - SCLAlertView
  - SDWebImage
  - SDWebImage (~> 5.7)
  - SDWebImageWebPCoder (~> 0.6.1)
  - SideMenu
  - SwiftyJSON (~> 4.0)

SPEC REPOS:
  trunk:
    - Alamofire
    - imglyKit
    - iOSPhotoEditor
    - libwebp
    - MBProgressHUD
    - OneSignal
    - PhotoEditorSDK
    - Realm
    - RealmSwift
    - SCLAlertView
    - SDWebImage
    - SDWebImageWebPCoder
    - SideMenu
    - SwiftyJSON

SPEC CHECKSUMS:
  Alamofire: e911732990610fe89af59ac0077f923d72dc3dfd
  imglyKit: 7b2e9ea18bf7228c821f65dfd1ebcc4f576f3561
  iOSPhotoEditor: 2951f35246a31dcb428b6292248a9c065582d03e
  libwebp: 946cb3063cea9236285f7e9a8505d806d30e07f3
  MBProgressHUD: e7baa36a220447d8aeb12769bf0585582f3866d9
  OneSignal: 9fa88f227d9b0c1dd36e334b6cd4c222338a88b2
  PhotoEditorSDK: 4d81558110f57f8cbe96fb36fb9bced9bb80b46c
  Realm: 6b6f096671b64b04d08974177cabb2ff9343d153
  RealmSwift: a3db6be0488bf3e1d5314c2956cefe98a65cdd01
  SCLAlertView: 6a77bb2edfc65e04dbe57725546cb4107a506b85
  SDWebImage: 84000f962cbfa70c07f19d2234cbfcf5d779b5dc
  SDWebImageWebPCoder: d0dac55073088d24b2ac1b191a71a8f8d0adac21
  SideMenu: 4a891be552d30bb6fa87ad404d62e485f8450c34
  SwiftyJSON: 6faa0040f8b59dead0ee07436cbf76b73c08fd08

PODFILE CHECKSUM: 66cbb71c39ed67ee621e22a8eca57c4b0c493bec

COCOAPODS: 1.9.2
