// !$*UTF8*$!
{
	archiveVersion = 1;
	classes = {
	};
	objectVersion = 51;
	objects = {

/* Begin PBXBuildFile section */
		2A146F02222CDABA00FEDF34 /* back.png in Resources */ = {isa = PBXBuildFile; fileRef = 2A146F01222CDABA00FEDF34 /* back.png */; };
		2A2F8CAD222D3DCA002B412A /* WebP.framework in Frameworks */ = {isa = PBXBuildFile; fileRef = 2A2F8CAC222D3DC9002B412A /* WebP.framework */; };
		2A2F8CAF222D3DE0002B412A /* MobileCoreServices.framework in Frameworks */ = {isa = PBXBuildFile; fileRef = 2A2F8CAE222D3DE0002B412A /* MobileCoreServices.framework */; };
		2A2F8CB1222D3DE5002B412A /* Accelerate.framework in Frameworks */ = {isa = PBXBuildFile; fileRef = 2A2F8CB0222D3DE5002B412A /* Accelerate.framework */; };
		2A2F8CB3222D3DF3002B412A /* ImageIO.framework in Frameworks */ = {isa = PBXBuildFile; fileRef = 2A2F8CB2222D3DF3002B412A /* ImageIO.framework */; };
		2A2F8CB5222D3DF9002B412A /* AssetsLibrary.framework in Frameworks */ = {isa = PBXBuildFile; fileRef = 2A2F8CB4222D3DF9002B412A /* AssetsLibrary.framework */; };
		2A2F8CB7222D3E09002B412A /* QuartzCore.framework in Frameworks */ = {isa = PBXBuildFile; fileRef = 2A2F8CB6222D3E09002B412A /* QuartzCore.framework */; };
		2A2F8CB9222D3E10002B412A /* CoreFoundation.framework in Frameworks */ = {isa = PBXBuildFile; fileRef = 2A2F8CB8222D3E0F002B412A /* CoreFoundation.framework */; };
		2A2F8CBB222D3E21002B412A /* UIKit.framework in Frameworks */ = {isa = PBXBuildFile; fileRef = 2A2F8CBA222D3E21002B412A /* UIKit.framework */; };
		2A2F8CBF222D47E8002B412A /* UIAlertController+Additions.swift in Sources */ = {isa = PBXBuildFile; fileRef = 2A2F8CBE222D47E7002B412A /* UIAlertController+Additions.swift */; };
		2A391BD22238FC69001E99D8 /* GoogleMobileAds.framework in Frameworks */ = {isa = PBXBuildFile; fileRef = 2A391BD12238FC69001E99D8 /* GoogleMobileAds.framework */; };
		2A425D6122390B56007E8C0E /* Config.swift in Sources */ = {isa = PBXBuildFile; fileRef = 2A425D6022390B56007E8C0E /* Config.swift */; };
		2A425D6422392DD0007E8C0E /* rate.png in Resources */ = {isa = PBXBuildFile; fileRef = 2A425D6222392DD0007E8C0E /* rate.png */; };
		2A425D6522392DD0007E8C0E /* share.png in Resources */ = {isa = PBXBuildFile; fileRef = 2A425D6322392DD0007E8C0E /* share.png */; };
		2A818B7722BA3700005DECE4 /* delete.png in Resources */ = {isa = PBXBuildFile; fileRef = 2A818B7522BA3700005DECE4 /* delete.png */; };
		2A818B7822BA3700005DECE4 /* edit.png in Resources */ = {isa = PBXBuildFile; fileRef = 2A818B7622BA3700005DECE4 /* edit.png */; };
		2A9C4B9A22AFAA1D00B74B38 /* down.png in Resources */ = {isa = PBXBuildFile; fileRef = 2A9C4B9922AFAA1D00B74B38 /* down.png */; };
		2AA4A32D224CF075003F0BDC /* NotificationService.swift in Sources */ = {isa = PBXBuildFile; fileRef = 2AA4A32C224CF075003F0BDC /* NotificationService.swift */; };
		2AA4A331224CF075003F0BDC /* OneSignalNotificationServiceExtension.appex in Embed App Extensions */ = {isa = PBXBuildFile; fileRef = 2AA4A32A224CF075003F0BDC /* OneSignalNotificationServiceExtension.appex */; settings = {ATTRIBUTES = (RemoveHeadersOnCopy, ); }; };
		2AB3F33A2233BFFC002B047B /* ZFRippleButton.swift in Sources */ = {isa = PBXBuildFile; fileRef = 2AB3F3392233BFFC002B047B /* ZFRippleButton.swift */; };
		2AC2A70323BC99A100083265 /* white_logo.png in Resources */ = {isa = PBXBuildFile; fileRef = 2AC2A70223BC99A100083265 /* white_logo.png */; };
		2AC6E34421C76883005FFDB8 /* AppDelegate.swift in Sources */ = {isa = PBXBuildFile; fileRef = 2AC6E34321C76883005FFDB8 /* AppDelegate.swift */; };
		2AC6E34921C76883005FFDB8 /* Main.storyboard in Resources */ = {isa = PBXBuildFile; fileRef = 2AC6E34721C76883005FFDB8 /* Main.storyboard */; };
		2AC6E34B21C76884005FFDB8 /* Assets.xcassets in Resources */ = {isa = PBXBuildFile; fileRef = 2AC6E34A21C76884005FFDB8 /* Assets.xcassets */; };
		2AC6E34E21C76884005FFDB8 /* LaunchScreen.storyboard in Resources */ = {isa = PBXBuildFile; fileRef = 2AC6E34C21C76884005FFDB8 /* LaunchScreen.storyboard */; };
		2ACD40FB22B39CC500FCAA5C /* add.png in Resources */ = {isa = PBXBuildFile; fileRef = 2ACD40FA22B39CC500FCAA5C /* add.png */; };
		2ACD40FF22B3D27300FCAA5C /* tick.png in Resources */ = {isa = PBXBuildFile; fileRef = 2ACD40FE22B3D27300FCAA5C /* tick.png */; };
		2ADFCA4C222A5F6A00D299CF /* Limits.swift in Sources */ = {isa = PBXBuildFile; fileRef = 2ADFCA45222A5F6A00D299CF /* Limits.swift */; };
		2ADFCA4D222A5F6A00D299CF /* StickerPackManager.swift in Sources */ = {isa = PBXBuildFile; fileRef = 2ADFCA46222A5F6A00D299CF /* StickerPackManager.swift */; };
		2ADFCA4E222A5F6A00D299CF /* Interoperability.swift in Sources */ = {isa = PBXBuildFile; fileRef = 2ADFCA47222A5F6A00D299CF /* Interoperability.swift */; };
		2ADFCA4F222A5F6A00D299CF /* WebPManager.swift in Sources */ = {isa = PBXBuildFile; fileRef = 2ADFCA48222A5F6A00D299CF /* WebPManager.swift */; };
		2ADFCA50222A5F6A00D299CF /* StickerPack.swift in Sources */ = {isa = PBXBuildFile; fileRef = 2ADFCA49222A5F6A00D299CF /* StickerPack.swift */; };
		2ADFCA51222A5F6A00D299CF /* ImageData.swift in Sources */ = {isa = PBXBuildFile; fileRef = 2ADFCA4A222A5F6A00D299CF /* ImageData.swift */; };
		2ADFCA52222A5F6A00D299CF /* Sticker.swift in Sources */ = {isa = PBXBuildFile; fileRef = 2ADFCA4B222A5F6A00D299CF /* Sticker.swift */; };
		2ADFCA5F222A5FD600D299CF /* YYAnimatedImageView.m in Sources */ = {isa = PBXBuildFile; fileRef = 2ADFCA55222A5FD500D299CF /* YYAnimatedImageView.m */; };
		2ADFCA60222A5FD600D299CF /* YYImageCoder.m in Sources */ = {isa = PBXBuildFile; fileRef = 2ADFCA57222A5FD500D299CF /* YYImageCoder.m */; };
		2ADFCA61222A5FD600D299CF /* YYSpriteSheetImage.m in Sources */ = {isa = PBXBuildFile; fileRef = 2ADFCA5B222A5FD600D299CF /* YYSpriteSheetImage.m */; };
		2ADFCA62222A5FD600D299CF /* YYFrameImage.m in Sources */ = {isa = PBXBuildFile; fileRef = 2ADFCA5D222A5FD600D299CF /* YYFrameImage.m */; };
		2ADFCA63222A5FD600D299CF /* YYImage.m in Sources */ = {isa = PBXBuildFile; fileRef = 2ADFCA5E222A5FD600D299CF /* YYImage.m */; };
		2AFC8B69223234A8007DB18E /* viwe_more.png in Resources */ = {isa = PBXBuildFile; fileRef = 2AFC8B68223234A8007DB18E /* viwe_more.png */; };
		2AFC8B6B223255DC007DB18E /* ex.png in Resources */ = {isa = PBXBuildFile; fileRef = 2AFC8B6A223255DC007DB18E /* ex.png */; };
		8E03CFE0EEF20015C13249CA /* Pods_OneSignalNotificationServiceExtension.framework in Frameworks */ = {isa = PBXBuildFile; fileRef = 468C9B1CD0AAE7E20284BCFB /* Pods_OneSignalNotificationServiceExtension.framework */; };
		CE0937762471B52800EF328B /* StickersMakerUITableView.swift in Sources */ = {isa = PBXBuildFile; fileRef = CE0937752471B52800EF328B /* StickersMakerUITableView.swift */; };
		CE12188D245F9F750008B9C0 /* StickersMakerViewController.swift in Sources */ = {isa = PBXBuildFile; fileRef = CE12188C245F9F750008B9C0 /* StickersMakerViewController.swift */; };
		CE424162246B468F00B4897E /* Constants.swift in Sources */ = {isa = PBXBuildFile; fileRef = CE424161246B468F00B4897E /* Constants.swift */; };
		CE424166246B59D800B4897E /* RequestsFactor.swift in Sources */ = {isa = PBXBuildFile; fileRef = CE424165246B59D800B4897E /* RequestsFactor.swift */; };
		CE424168246C38B000B4897E /* LoadingIcon.swift in Sources */ = {isa = PBXBuildFile; fileRef = CE424167246C38B000B4897E /* LoadingIcon.swift */; };
		CE42416B246C8B9700B4897E /* UIStackView.swift in Sources */ = {isa = PBXBuildFile; fileRef = CE42416A246C8B9700B4897E /* UIStackView.swift */; };
		CE42416D246C99E800B4897E /* PackageDetailUIViewController.swift in Sources */ = {isa = PBXBuildFile; fileRef = CE42416C246C99E800B4897E /* PackageDetailUIViewController.swift */; };
		CE5E0870245EFDAB003FFA6A /* StartViewController.swift in Sources */ = {isa = PBXBuildFile; fileRef = CE5E086F245EFDAB003FFA6A /* StartViewController.swift */; };
		CE5E0872245EFDF3003FFA6A /* Init1ViewController.swift in Sources */ = {isa = PBXBuildFile; fileRef = CE5E0871245EFDF3003FFA6A /* Init1ViewController.swift */; };
		CE5E0874245EFE0E003FFA6A /* Init2ViewController.swift in Sources */ = {isa = PBXBuildFile; fileRef = CE5E0873245EFE0E003FFA6A /* Init2ViewController.swift */; };
		CE5E0876245EFE37003FFA6A /* Init3ViewController.swift in Sources */ = {isa = PBXBuildFile; fileRef = CE5E0875245EFE37003FFA6A /* Init3ViewController.swift */; };
		CE5E0878245EFF25003FFA6A /* StartUIPageController.swift in Sources */ = {isa = PBXBuildFile; fileRef = CE5E0877245EFF25003FFA6A /* StartUIPageController.swift */; };
		CE5E087B245F0E43003FFA6A /* PHPhotoLibraryManager.swift in Sources */ = {isa = PBXBuildFile; fileRef = CE5E087A245F0E43003FFA6A /* PHPhotoLibraryManager.swift */; };
		CE5E087D245F1D54003FFA6A /* ViewControllersManager.swift in Sources */ = {isa = PBXBuildFile; fileRef = CE5E087C245F1D54003FFA6A /* ViewControllersManager.swift */; };
		CE5E087F245F20E1003FFA6A /* AlertManager.swift in Sources */ = {isa = PBXBuildFile; fileRef = CE5E087E245F20E1003FFA6A /* AlertManager.swift */; };
		CE5E0881245F2773003FFA6A /* PrincipalViewController.swift in Sources */ = {isa = PBXBuildFile; fileRef = CE5E0880245F2773003FFA6A /* PrincipalViewController.swift */; };
		CE67616F246CD223000D206C /* PackageDetailUIShare.swift in Sources */ = {isa = PBXBuildFile; fileRef = CE67616E246CD223000D206C /* PackageDetailUIShare.swift */; };
		CE676171246CF22F000D206C /* PrincipalShare.swift in Sources */ = {isa = PBXBuildFile; fileRef = CE676170246CF22F000D206C /* PrincipalShare.swift */; };
		CE676173246D1D5A000D206C /* DetailOfPackageViewController.swift in Sources */ = {isa = PBXBuildFile; fileRef = CE676172246D1D5A000D206C /* DetailOfPackageViewController.swift */; };
		CE676175246DE9F2000D206C /* BaseUITableView.swift in Sources */ = {isa = PBXBuildFile; fileRef = CE676174246DE9F2000D206C /* BaseUITableView.swift */; };
		CE676177246DEF0A000D206C /* PrincipalBaseUITableView.swift in Sources */ = {isa = PBXBuildFile; fileRef = CE676176246DEF0A000D206C /* PrincipalBaseUITableView.swift */; };
		CE676179246E0688000D206C /* PackageDetailBaseUITableView.swift in Sources */ = {isa = PBXBuildFile; fileRef = CE676178246E0688000D206C /* PackageDetailBaseUITableView.swift */; };
		CEA6DED4246F2618002FEC96 /* TablesCache.swift in Sources */ = {isa = PBXBuildFile; fileRef = CEA6DED3246F2618002FEC96 /* TablesCache.swift */; };
		CEA6DED8246F8CC7002FEC96 /* DetailOfPackageShare.swift in Sources */ = {isa = PBXBuildFile; fileRef = CEA6DED7246F8CC7002FEC96 /* DetailOfPackageShare.swift */; };
		CEBED2CD245FBD5000FFD965 /* SideMenuUITableViewController.swift in Sources */ = {isa = PBXBuildFile; fileRef = CEBED2CC245FBD5000FFD965 /* SideMenuUITableViewController.swift */; };
		CEBED2D0245FC24900FFD965 /* SideMenuLogoTableViewCell.swift in Sources */ = {isa = PBXBuildFile; fileRef = CEBED2CE245FC24900FFD965 /* SideMenuLogoTableViewCell.swift */; };
		CEBED2D1245FC24900FFD965 /* SideMenuLogoTableViewCell.xib in Resources */ = {isa = PBXBuildFile; fileRef = CEBED2CF245FC24900FFD965 /* SideMenuLogoTableViewCell.xib */; };
		CEBED2D3245FE23900FFD965 /* Share.swift in Sources */ = {isa = PBXBuildFile; fileRef = CEBED2D2245FE23900FFD965 /* Share.swift */; };
		CEBED2D7245FF3E300FFD965 /* AddsManager.swift in Sources */ = {isa = PBXBuildFile; fileRef = CEBED2D6245FF3E300FFD965 /* AddsManager.swift */; };
		CEBED2D9245FF87900FFD965 /* StickersManager.swift in Sources */ = {isa = PBXBuildFile; fileRef = CEBED2D8245FF87900FFD965 /* StickersManager.swift */; };
		CEBED2DC245FFAF600FFD965 /* StickerPackage.swift in Sources */ = {isa = PBXBuildFile; fileRef = CEBED2DB245FFAF600FFD965 /* StickerPackage.swift */; };
		CEBED2DE245FFC6E00FFD965 /* StickerModel.swift in Sources */ = {isa = PBXBuildFile; fileRef = CEBED2DD245FFC6E00FFD965 /* StickerModel.swift */; };
		CEBED2E0246133FF00FFD965 /* PackageDetailViewController.swift in Sources */ = {isa = PBXBuildFile; fileRef = CEBED2DF246133FF00FFD965 /* PackageDetailViewController.swift */; };
		CEBED2EC2461976300FFD965 /* TwoDialogManager.swift in Sources */ = {isa = PBXBuildFile; fileRef = CEBED2EB2461976300FFD965 /* TwoDialogManager.swift */; };
		CEBED2EF24619A7200FFD965 /* PackageDetailShare.swift in Sources */ = {isa = PBXBuildFile; fileRef = CEBED2EE24619A7200FFD965 /* PackageDetailShare.swift */; };
		CEC3799C2486214B003F840E /* CollectionExtension.swift in Sources */ = {isa = PBXBuildFile; fileRef = CEC3799B2486214B003F840E /* CollectionExtension.swift */; };
		CEC3799E24867F26003F840E /* WhatsappStickerManager.swift in Sources */ = {isa = PBXBuildFile; fileRef = CEC3799D24867F26003F840E /* WhatsappStickerManager.swift */; };
		CEC379A02486C74F003F840E /* MultiFileDownloaderManager.swift in Sources */ = {isa = PBXBuildFile; fileRef = CEC3799F2486C74F003F840E /* MultiFileDownloaderManager.swift */; };
		CEC379A22486F71A003F840E /* FilesManager.swift in Sources */ = {isa = PBXBuildFile; fileRef = CEC379A12486F71A003F840E /* FilesManager.swift */; };
		CEF909C124732B1E00FBE390 /* ExtensionUIImageView.swift in Sources */ = {isa = PBXBuildFile; fileRef = CEF909C024732B1E00FBE390 /* ExtensionUIImageView.swift */; };
		CEF909C3247333C400FBE390 /* DeleteStickerViewController.swift in Sources */ = {isa = PBXBuildFile; fileRef = CEF909C2247333C400FBE390 /* DeleteStickerViewController.swift */; };
		CEF909C52473347D00FBE390 /* DeleteStickerShare.swift in Sources */ = {isa = PBXBuildFile; fileRef = CEF909C42473347D00FBE390 /* DeleteStickerShare.swift */; };
		CEF909C7247350CC00FBE390 /* Extension UIImage.swift in Sources */ = {isa = PBXBuildFile; fileRef = CEF909C6247350CC00FBE390 /* Extension UIImage.swift */; };
		CEFE52B62462F76F00A0C761 /* EditPackageImageViewController.swift in Sources */ = {isa = PBXBuildFile; fileRef = CEFE52B52462F76F00A0C761 /* EditPackageImageViewController.swift */; };
		CEFE52B82462F7E900A0C761 /* EditPackageImageShare.swift in Sources */ = {isa = PBXBuildFile; fileRef = CEFE52B72462F7E900A0C761 /* EditPackageImageShare.swift */; };
		CEFE52BA24631FDF00A0C761 /* PackageDetailTableRow.swift in Sources */ = {isa = PBXBuildFile; fileRef = CEFE52B924631FDF00A0C761 /* PackageDetailTableRow.swift */; };
		CEFE52BD246326DA00A0C761 /* DetailsPackageUIImageView.swift in Sources */ = {isa = PBXBuildFile; fileRef = CEFE52BC246326DA00A0C761 /* DetailsPackageUIImageView.swift */; };
		CEFE52C024660ACE00A0C761 /* DataHttpModel.swift in Sources */ = {isa = PBXBuildFile; fileRef = CEFE52BF24660ACE00A0C761 /* DataHttpModel.swift */; };
		CEFE52C424660B0F00A0C761 /* StickerPackageHttpModel.swift in Sources */ = {isa = PBXBuildFile; fileRef = CEFE52C324660B0F00A0C761 /* StickerPackageHttpModel.swift */; };
		CEFE52C624660CB600A0C761 /* StickerInnerPackHttpModel.swift in Sources */ = {isa = PBXBuildFile; fileRef = CEFE52C524660CB600A0C761 /* StickerInnerPackHttpModel.swift */; };
		CEFE52C824660DCC00A0C761 /* StickerHttpModel.swift in Sources */ = {isa = PBXBuildFile; fileRef = CEFE52C724660DCC00A0C761 /* StickerHttpModel.swift */; };
		CEFE52CB2466125900A0C761 /* StickerPackageRequest.swift in Sources */ = {isa = PBXBuildFile; fileRef = CEFE52CA2466125900A0C761 /* StickerPackageRequest.swift */; };
		CEFE52CF2466128C00A0C761 /* BaseRequest.swift in Sources */ = {isa = PBXBuildFile; fileRef = CEFE52CE2466128C00A0C761 /* BaseRequest.swift */; };
		FE7FD0AD6D7B3B21D3D7A6EA /* Pods_Sticker.framework in Frameworks */ = {isa = PBXBuildFile; fileRef = 76EB5B6C26FFDCC3CF554B13 /* Pods_Sticker.framework */; };
		FF08ACAB24B100DB006E3CB4 /* ImagesUtility.swift in Sources */ = {isa = PBXBuildFile; fileRef = FF08ACAA24B100DB006E3CB4 /* ImagesUtility.swift */; };
		FF944B7324A9BC3700B519C1 /* ios_license in Resources */ = {isa = PBXBuildFile; fileRef = FF944B7224A9BC3700B519C1 /* ios_license */; };
/* End PBXBuildFile section */

/* Begin PBXContainerItemProxy section */
		2AA4A32F224CF075003F0BDC /* PBXContainerItemProxy */ = {
			isa = PBXContainerItemProxy;
			containerPortal = 2AC6E33821C76883005FFDB8 /* Project object */;
			proxyType = 1;
			remoteGlobalIDString = 2AA4A329224CF075003F0BDC;
			remoteInfo = OneSignalNotificationServiceExtension;
		};
/* End PBXContainerItemProxy section */

/* Begin PBXCopyFilesBuildPhase section */
		2AA4A335224CF076003F0BDC /* Embed App Extensions */ = {
			isa = PBXCopyFilesBuildPhase;
			buildActionMask = 2147483647;
			dstPath = "";
			dstSubfolderSpec = 13;
			files = (
				2AA4A331224CF075003F0BDC /* OneSignalNotificationServiceExtension.appex in Embed App Extensions */,
			);
			name = "Embed App Extensions";
			runOnlyForDeploymentPostprocessing = 0;
		};
/* End PBXCopyFilesBuildPhase section */

/* Begin PBXFileReference section */
		1733CEBF5BCD800DCC457A5D /* Pods-Sticker.debug.xcconfig */ = {isa = PBXFileReference; includeInIndex = 1; lastKnownFileType = text.xcconfig; name = "Pods-Sticker.debug.xcconfig"; path = "Pods/Target Support Files/Pods-Sticker/Pods-Sticker.debug.xcconfig"; sourceTree = "<group>"; };
		1F61E110D6EB1A97BD64D39E /* Pods_iSticker.framework */ = {isa = PBXFileReference; explicitFileType = wrapper.framework; includeInIndex = 0; path = Pods_iSticker.framework; sourceTree = BUILT_PRODUCTS_DIR; };
		2A146F01222CDABA00FEDF34 /* back.png */ = {isa = PBXFileReference; lastKnownFileType = image.png; path = back.png; sourceTree = "<group>"; };
		2A2F8CAC222D3DC9002B412A /* WebP.framework */ = {isa = PBXFileReference; lastKnownFileType = wrapper.framework; path = WebP.framework; sourceTree = "<group>"; };
		2A2F8CAE222D3DE0002B412A /* MobileCoreServices.framework */ = {isa = PBXFileReference; lastKnownFileType = wrapper.framework; name = MobileCoreServices.framework; path = System/Library/Frameworks/MobileCoreServices.framework; sourceTree = SDKROOT; };
		2A2F8CB0222D3DE5002B412A /* Accelerate.framework */ = {isa = PBXFileReference; lastKnownFileType = wrapper.framework; name = Accelerate.framework; path = System/Library/Frameworks/Accelerate.framework; sourceTree = SDKROOT; };
		2A2F8CB2222D3DF3002B412A /* ImageIO.framework */ = {isa = PBXFileReference; lastKnownFileType = wrapper.framework; name = ImageIO.framework; path = System/Library/Frameworks/ImageIO.framework; sourceTree = SDKROOT; };
		2A2F8CB4222D3DF9002B412A /* AssetsLibrary.framework */ = {isa = PBXFileReference; lastKnownFileType = wrapper.framework; name = AssetsLibrary.framework; path = System/Library/Frameworks/AssetsLibrary.framework; sourceTree = SDKROOT; };
		2A2F8CB6222D3E09002B412A /* QuartzCore.framework */ = {isa = PBXFileReference; lastKnownFileType = wrapper.framework; name = QuartzCore.framework; path = System/Library/Frameworks/QuartzCore.framework; sourceTree = SDKROOT; };
		2A2F8CB8222D3E0F002B412A /* CoreFoundation.framework */ = {isa = PBXFileReference; lastKnownFileType = wrapper.framework; name = CoreFoundation.framework; path = System/Library/Frameworks/CoreFoundation.framework; sourceTree = SDKROOT; };
		2A2F8CBA222D3E21002B412A /* UIKit.framework */ = {isa = PBXFileReference; lastKnownFileType = wrapper.framework; name = UIKit.framework; path = System/Library/Frameworks/UIKit.framework; sourceTree = SDKROOT; };
		2A2F8CBE222D47E7002B412A /* UIAlertController+Additions.swift */ = {isa = PBXFileReference; fileEncoding = 4; lastKnownFileType = sourcecode.swift; path = "UIAlertController+Additions.swift"; sourceTree = "<group>"; };
		2A32D12D239E20A5005C6986 /* Messages.framework */ = {isa = PBXFileReference; lastKnownFileType = wrapper.framework; name = Messages.framework; path = System/Library/Frameworks/Messages.framework; sourceTree = SDKROOT; };
		2A391BD12238FC69001E99D8 /* GoogleMobileAds.framework */ = {isa = PBXFileReference; lastKnownFileType = wrapper.framework; path = GoogleMobileAds.framework; sourceTree = "<group>"; };
		2A425D6022390B56007E8C0E /* Config.swift */ = {isa = PBXFileReference; fileEncoding = 4; lastKnownFileType = sourcecode.swift; path = Config.swift; sourceTree = "<group>"; };
		2A425D6222392DD0007E8C0E /* rate.png */ = {isa = PBXFileReference; lastKnownFileType = image.png; path = rate.png; sourceTree = "<group>"; };
		2A425D6322392DD0007E8C0E /* share.png */ = {isa = PBXFileReference; lastKnownFileType = image.png; path = share.png; sourceTree = "<group>"; };
		2A818B7522BA3700005DECE4 /* delete.png */ = {isa = PBXFileReference; lastKnownFileType = image.png; path = delete.png; sourceTree = "<group>"; };
		2A818B7622BA3700005DECE4 /* edit.png */ = {isa = PBXFileReference; lastKnownFileType = image.png; path = edit.png; sourceTree = "<group>"; };
		2A9C4B9922AFAA1D00B74B38 /* down.png */ = {isa = PBXFileReference; lastKnownFileType = image.png; path = down.png; sourceTree = "<group>"; };
		2AA4A32A224CF075003F0BDC /* OneSignalNotificationServiceExtension.appex */ = {isa = PBXFileReference; explicitFileType = "wrapper.app-extension"; includeInIndex = 0; path = OneSignalNotificationServiceExtension.appex; sourceTree = BUILT_PRODUCTS_DIR; };
		2AA4A32C224CF075003F0BDC /* NotificationService.swift */ = {isa = PBXFileReference; lastKnownFileType = sourcecode.swift; path = NotificationService.swift; sourceTree = "<group>"; };
		2AA4A32E224CF075003F0BDC /* Info.plist */ = {isa = PBXFileReference; lastKnownFileType = text.plist.xml; path = Info.plist; sourceTree = "<group>"; };
		2AA4A336224CF1BB003F0BDC /* Sticker.entitlements */ = {isa = PBXFileReference; lastKnownFileType = text.plist.entitlements; path = Sticker.entitlements; sourceTree = "<group>"; };
		2AB3F3392233BFFC002B047B /* ZFRippleButton.swift */ = {isa = PBXFileReference; fileEncoding = 4; lastKnownFileType = sourcecode.swift; path = ZFRippleButton.swift; sourceTree = "<group>"; };
		2AC2A70223BC99A100083265 /* white_logo.png */ = {isa = PBXFileReference; lastKnownFileType = image.png; path = white_logo.png; sourceTree = "<group>"; };
		2AC6E34021C76883005FFDB8 /* Sticker.app */ = {isa = PBXFileReference; explicitFileType = wrapper.application; includeInIndex = 0; path = Sticker.app; sourceTree = BUILT_PRODUCTS_DIR; };
		2AC6E34321C76883005FFDB8 /* AppDelegate.swift */ = {isa = PBXFileReference; lastKnownFileType = sourcecode.swift; path = AppDelegate.swift; sourceTree = "<group>"; };
		2AC6E34821C76883005FFDB8 /* Base */ = {isa = PBXFileReference; lastKnownFileType = file.storyboard; name = Base; path = Base.lproj/Main.storyboard; sourceTree = "<group>"; };
		2AC6E34A21C76884005FFDB8 /* Assets.xcassets */ = {isa = PBXFileReference; lastKnownFileType = folder.assetcatalog; path = Assets.xcassets; sourceTree = "<group>"; };
		2AC6E34D21C76884005FFDB8 /* Base */ = {isa = PBXFileReference; lastKnownFileType = file.storyboard; name = Base; path = Base.lproj/LaunchScreen.storyboard; sourceTree = "<group>"; };
		2AC6E34F21C76884005FFDB8 /* Info.plist */ = {isa = PBXFileReference; lastKnownFileType = text.plist.xml; path = Info.plist; sourceTree = "<group>"; };
		2ACD40FA22B39CC500FCAA5C /* add.png */ = {isa = PBXFileReference; lastKnownFileType = image.png; path = add.png; sourceTree = "<group>"; };
		2ACD40FE22B3D27300FCAA5C /* tick.png */ = {isa = PBXFileReference; lastKnownFileType = image.png; path = tick.png; sourceTree = "<group>"; };
		2ADFCA45222A5F6A00D299CF /* Limits.swift */ = {isa = PBXFileReference; fileEncoding = 4; lastKnownFileType = sourcecode.swift; path = Limits.swift; sourceTree = "<group>"; };
		2ADFCA46222A5F6A00D299CF /* StickerPackManager.swift */ = {isa = PBXFileReference; fileEncoding = 4; lastKnownFileType = sourcecode.swift; path = StickerPackManager.swift; sourceTree = "<group>"; };
		2ADFCA47222A5F6A00D299CF /* Interoperability.swift */ = {isa = PBXFileReference; fileEncoding = 4; lastKnownFileType = sourcecode.swift; path = Interoperability.swift; sourceTree = "<group>"; };
		2ADFCA48222A5F6A00D299CF /* WebPManager.swift */ = {isa = PBXFileReference; fileEncoding = 4; lastKnownFileType = sourcecode.swift; path = WebPManager.swift; sourceTree = "<group>"; };
		2ADFCA49222A5F6A00D299CF /* StickerPack.swift */ = {isa = PBXFileReference; fileEncoding = 4; lastKnownFileType = sourcecode.swift; path = StickerPack.swift; sourceTree = "<group>"; };
		2ADFCA4A222A5F6A00D299CF /* ImageData.swift */ = {isa = PBXFileReference; fileEncoding = 4; lastKnownFileType = sourcecode.swift; path = ImageData.swift; sourceTree = "<group>"; };
		2ADFCA4B222A5F6A00D299CF /* Sticker.swift */ = {isa = PBXFileReference; fileEncoding = 4; lastKnownFileType = sourcecode.swift; path = Sticker.swift; sourceTree = "<group>"; };
		2ADFCA54222A5FD500D299CF /* Sticker-Bridging-Header.h */ = {isa = PBXFileReference; lastKnownFileType = sourcecode.c.h; path = "Sticker-Bridging-Header.h"; sourceTree = "<group>"; };
		2ADFCA55222A5FD500D299CF /* YYAnimatedImageView.m */ = {isa = PBXFileReference; fileEncoding = 4; lastKnownFileType = sourcecode.c.objc; path = YYAnimatedImageView.m; sourceTree = "<group>"; };
		2ADFCA56222A5FD500D299CF /* YYImageCoder.h */ = {isa = PBXFileReference; fileEncoding = 4; lastKnownFileType = sourcecode.c.h; path = YYImageCoder.h; sourceTree = "<group>"; };
		2ADFCA57222A5FD500D299CF /* YYImageCoder.m */ = {isa = PBXFileReference; fileEncoding = 4; lastKnownFileType = sourcecode.c.objc; path = YYImageCoder.m; sourceTree = "<group>"; };
		2ADFCA58222A5FD500D299CF /* YYFrameImage.h */ = {isa = PBXFileReference; fileEncoding = 4; lastKnownFileType = sourcecode.c.h; path = YYFrameImage.h; sourceTree = "<group>"; };
		2ADFCA59222A5FD600D299CF /* YYImage.h */ = {isa = PBXFileReference; fileEncoding = 4; lastKnownFileType = sourcecode.c.h; path = YYImage.h; sourceTree = "<group>"; };
		2ADFCA5A222A5FD600D299CF /* YYSpriteSheetImage.h */ = {isa = PBXFileReference; fileEncoding = 4; lastKnownFileType = sourcecode.c.h; path = YYSpriteSheetImage.h; sourceTree = "<group>"; };
		2ADFCA5B222A5FD600D299CF /* YYSpriteSheetImage.m */ = {isa = PBXFileReference; fileEncoding = 4; lastKnownFileType = sourcecode.c.objc; path = YYSpriteSheetImage.m; sourceTree = "<group>"; };
		2ADFCA5C222A5FD600D299CF /* YYAnimatedImageView.h */ = {isa = PBXFileReference; fileEncoding = 4; lastKnownFileType = sourcecode.c.h; path = YYAnimatedImageView.h; sourceTree = "<group>"; };
		2ADFCA5D222A5FD600D299CF /* YYFrameImage.m */ = {isa = PBXFileReference; fileEncoding = 4; lastKnownFileType = sourcecode.c.objc; path = YYFrameImage.m; sourceTree = "<group>"; };
		2ADFCA5E222A5FD600D299CF /* YYImage.m */ = {isa = PBXFileReference; fileEncoding = 4; lastKnownFileType = sourcecode.c.objc; path = YYImage.m; sourceTree = "<group>"; };
		2AFC8B68223234A8007DB18E /* viwe_more.png */ = {isa = PBXFileReference; lastKnownFileType = image.png; path = viwe_more.png; sourceTree = "<group>"; };
		2AFC8B6A223255DC007DB18E /* ex.png */ = {isa = PBXFileReference; lastKnownFileType = image.png; path = ex.png; sourceTree = "<group>"; };
		468C9B1CD0AAE7E20284BCFB /* Pods_OneSignalNotificationServiceExtension.framework */ = {isa = PBXFileReference; explicitFileType = wrapper.framework; includeInIndex = 0; path = Pods_OneSignalNotificationServiceExtension.framework; sourceTree = BUILT_PRODUCTS_DIR; };
		48A13DAF1EE892A73989E140 /* Pods-OneSignalNotificationServiceExtension.debug.xcconfig */ = {isa = PBXFileReference; includeInIndex = 1; lastKnownFileType = text.xcconfig; name = "Pods-OneSignalNotificationServiceExtension.debug.xcconfig"; path = "Pods/Target Support Files/Pods-OneSignalNotificationServiceExtension/Pods-OneSignalNotificationServiceExtension.debug.xcconfig"; sourceTree = "<group>"; };
		76EB5B6C26FFDCC3CF554B13 /* Pods_Sticker.framework */ = {isa = PBXFileReference; explicitFileType = wrapper.framework; includeInIndex = 0; path = Pods_Sticker.framework; sourceTree = BUILT_PRODUCTS_DIR; };
		CE0937752471B52800EF328B /* StickersMakerUITableView.swift */ = {isa = PBXFileReference; lastKnownFileType = sourcecode.swift; path = StickersMakerUITableView.swift; sourceTree = "<group>"; };
		CE12188C245F9F750008B9C0 /* StickersMakerViewController.swift */ = {isa = PBXFileReference; lastKnownFileType = sourcecode.swift; path = StickersMakerViewController.swift; sourceTree = "<group>"; };
		CE424161246B468F00B4897E /* Constants.swift */ = {isa = PBXFileReference; lastKnownFileType = sourcecode.swift; path = Constants.swift; sourceTree = "<group>"; };
		CE424165246B59D800B4897E /* RequestsFactor.swift */ = {isa = PBXFileReference; lastKnownFileType = sourcecode.swift; path = RequestsFactor.swift; sourceTree = "<group>"; };
		CE424167246C38B000B4897E /* LoadingIcon.swift */ = {isa = PBXFileReference; lastKnownFileType = sourcecode.swift; path = LoadingIcon.swift; sourceTree = "<group>"; };
		CE42416A246C8B9700B4897E /* UIStackView.swift */ = {isa = PBXFileReference; lastKnownFileType = sourcecode.swift; path = UIStackView.swift; sourceTree = "<group>"; };
		CE42416C246C99E800B4897E /* PackageDetailUIViewController.swift */ = {isa = PBXFileReference; lastKnownFileType = sourcecode.swift; path = PackageDetailUIViewController.swift; sourceTree = "<group>"; };
		CE5E086F245EFDAB003FFA6A /* StartViewController.swift */ = {isa = PBXFileReference; lastKnownFileType = sourcecode.swift; path = StartViewController.swift; sourceTree = "<group>"; };
		CE5E0871245EFDF3003FFA6A /* Init1ViewController.swift */ = {isa = PBXFileReference; lastKnownFileType = sourcecode.swift; path = Init1ViewController.swift; sourceTree = "<group>"; };
		CE5E0873245EFE0E003FFA6A /* Init2ViewController.swift */ = {isa = PBXFileReference; lastKnownFileType = sourcecode.swift; path = Init2ViewController.swift; sourceTree = "<group>"; };
		CE5E0875245EFE37003FFA6A /* Init3ViewController.swift */ = {isa = PBXFileReference; lastKnownFileType = sourcecode.swift; path = Init3ViewController.swift; sourceTree = "<group>"; };
		CE5E0877245EFF25003FFA6A /* StartUIPageController.swift */ = {isa = PBXFileReference; lastKnownFileType = sourcecode.swift; path = StartUIPageController.swift; sourceTree = "<group>"; };
		CE5E087A245F0E43003FFA6A /* PHPhotoLibraryManager.swift */ = {isa = PBXFileReference; lastKnownFileType = sourcecode.swift; path = PHPhotoLibraryManager.swift; sourceTree = "<group>"; };
		CE5E087C245F1D54003FFA6A /* ViewControllersManager.swift */ = {isa = PBXFileReference; lastKnownFileType = sourcecode.swift; path = ViewControllersManager.swift; sourceTree = "<group>"; };
		CE5E087E245F20E1003FFA6A /* AlertManager.swift */ = {isa = PBXFileReference; lastKnownFileType = sourcecode.swift; path = AlertManager.swift; sourceTree = "<group>"; };
		CE5E0880245F2773003FFA6A /* PrincipalViewController.swift */ = {isa = PBXFileReference; lastKnownFileType = sourcecode.swift; path = PrincipalViewController.swift; sourceTree = "<group>"; };
		CE67616E246CD223000D206C /* PackageDetailUIShare.swift */ = {isa = PBXFileReference; lastKnownFileType = sourcecode.swift; path = PackageDetailUIShare.swift; sourceTree = "<group>"; };
		CE676170246CF22F000D206C /* PrincipalShare.swift */ = {isa = PBXFileReference; lastKnownFileType = sourcecode.swift; path = PrincipalShare.swift; sourceTree = "<group>"; };
		CE676172246D1D5A000D206C /* DetailOfPackageViewController.swift */ = {isa = PBXFileReference; lastKnownFileType = sourcecode.swift; path = DetailOfPackageViewController.swift; sourceTree = "<group>"; };
		CE676174246DE9F2000D206C /* BaseUITableView.swift */ = {isa = PBXFileReference; lastKnownFileType = sourcecode.swift; path = BaseUITableView.swift; sourceTree = "<group>"; };
		CE676176246DEF0A000D206C /* PrincipalBaseUITableView.swift */ = {isa = PBXFileReference; lastKnownFileType = sourcecode.swift; path = PrincipalBaseUITableView.swift; sourceTree = "<group>"; };
		CE676178246E0688000D206C /* PackageDetailBaseUITableView.swift */ = {isa = PBXFileReference; lastKnownFileType = sourcecode.swift; path = PackageDetailBaseUITableView.swift; sourceTree = "<group>"; };
		CEA6DED3246F2618002FEC96 /* TablesCache.swift */ = {isa = PBXFileReference; lastKnownFileType = sourcecode.swift; path = TablesCache.swift; sourceTree = "<group>"; };
		CEA6DED7246F8CC7002FEC96 /* DetailOfPackageShare.swift */ = {isa = PBXFileReference; lastKnownFileType = sourcecode.swift; path = DetailOfPackageShare.swift; sourceTree = "<group>"; };
		CEBED2CC245FBD5000FFD965 /* SideMenuUITableViewController.swift */ = {isa = PBXFileReference; lastKnownFileType = sourcecode.swift; path = SideMenuUITableViewController.swift; sourceTree = "<group>"; };
		CEBED2CE245FC24900FFD965 /* SideMenuLogoTableViewCell.swift */ = {isa = PBXFileReference; lastKnownFileType = sourcecode.swift; path = SideMenuLogoTableViewCell.swift; sourceTree = "<group>"; };
		CEBED2CF245FC24900FFD965 /* SideMenuLogoTableViewCell.xib */ = {isa = PBXFileReference; lastKnownFileType = file.xib; path = SideMenuLogoTableViewCell.xib; sourceTree = "<group>"; };
		CEBED2D2245FE23900FFD965 /* Share.swift */ = {isa = PBXFileReference; lastKnownFileType = sourcecode.swift; path = Share.swift; sourceTree = "<group>"; };
		CEBED2D6245FF3E300FFD965 /* AddsManager.swift */ = {isa = PBXFileReference; lastKnownFileType = sourcecode.swift; path = AddsManager.swift; sourceTree = "<group>"; };
		CEBED2D8245FF87900FFD965 /* StickersManager.swift */ = {isa = PBXFileReference; lastKnownFileType = sourcecode.swift; path = StickersManager.swift; sourceTree = "<group>"; };
		CEBED2DB245FFAF600FFD965 /* StickerPackage.swift */ = {isa = PBXFileReference; lastKnownFileType = sourcecode.swift; path = StickerPackage.swift; sourceTree = "<group>"; };
		CEBED2DD245FFC6E00FFD965 /* StickerModel.swift */ = {isa = PBXFileReference; lastKnownFileType = sourcecode.swift; path = StickerModel.swift; sourceTree = "<group>"; };
		CEBED2DF246133FF00FFD965 /* PackageDetailViewController.swift */ = {isa = PBXFileReference; lastKnownFileType = sourcecode.swift; path = PackageDetailViewController.swift; sourceTree = "<group>"; };
		CEBED2EB2461976300FFD965 /* TwoDialogManager.swift */ = {isa = PBXFileReference; lastKnownFileType = sourcecode.swift; path = TwoDialogManager.swift; sourceTree = "<group>"; };
		CEBED2EE24619A7200FFD965 /* PackageDetailShare.swift */ = {isa = PBXFileReference; lastKnownFileType = sourcecode.swift; path = PackageDetailShare.swift; sourceTree = "<group>"; };
		CEC3799B2486214B003F840E /* CollectionExtension.swift */ = {isa = PBXFileReference; lastKnownFileType = sourcecode.swift; path = CollectionExtension.swift; sourceTree = "<group>"; };
		CEC3799D24867F26003F840E /* WhatsappStickerManager.swift */ = {isa = PBXFileReference; lastKnownFileType = sourcecode.swift; path = WhatsappStickerManager.swift; sourceTree = "<group>"; };
		CEC3799F2486C74F003F840E /* MultiFileDownloaderManager.swift */ = {isa = PBXFileReference; lastKnownFileType = sourcecode.swift; path = MultiFileDownloaderManager.swift; sourceTree = "<group>"; };
		CEC379A12486F71A003F840E /* FilesManager.swift */ = {isa = PBXFileReference; lastKnownFileType = sourcecode.swift; path = FilesManager.swift; sourceTree = "<group>"; };
		CEF909C024732B1E00FBE390 /* ExtensionUIImageView.swift */ = {isa = PBXFileReference; lastKnownFileType = sourcecode.swift; path = ExtensionUIImageView.swift; sourceTree = "<group>"; };
		CEF909C2247333C400FBE390 /* DeleteStickerViewController.swift */ = {isa = PBXFileReference; lastKnownFileType = sourcecode.swift; path = DeleteStickerViewController.swift; sourceTree = "<group>"; };
		CEF909C42473347D00FBE390 /* DeleteStickerShare.swift */ = {isa = PBXFileReference; lastKnownFileType = sourcecode.swift; path = DeleteStickerShare.swift; sourceTree = "<group>"; };
		CEF909C6247350CC00FBE390 /* Extension UIImage.swift */ = {isa = PBXFileReference; lastKnownFileType = sourcecode.swift; path = "Extension UIImage.swift"; sourceTree = "<group>"; };
		CEFE52B52462F76F00A0C761 /* EditPackageImageViewController.swift */ = {isa = PBXFileReference; lastKnownFileType = sourcecode.swift; path = EditPackageImageViewController.swift; sourceTree = "<group>"; };
		CEFE52B72462F7E900A0C761 /* EditPackageImageShare.swift */ = {isa = PBXFileReference; lastKnownFileType = sourcecode.swift; path = EditPackageImageShare.swift; sourceTree = "<group>"; };
		CEFE52B924631FDF00A0C761 /* PackageDetailTableRow.swift */ = {isa = PBXFileReference; lastKnownFileType = sourcecode.swift; path = PackageDetailTableRow.swift; sourceTree = "<group>"; };
		CEFE52BC246326DA00A0C761 /* DetailsPackageUIImageView.swift */ = {isa = PBXFileReference; lastKnownFileType = sourcecode.swift; path = DetailsPackageUIImageView.swift; sourceTree = "<group>"; };
		CEFE52BF24660ACE00A0C761 /* DataHttpModel.swift */ = {isa = PBXFileReference; lastKnownFileType = sourcecode.swift; path = DataHttpModel.swift; sourceTree = "<group>"; };
		CEFE52C324660B0F00A0C761 /* StickerPackageHttpModel.swift */ = {isa = PBXFileReference; lastKnownFileType = sourcecode.swift; path = StickerPackageHttpModel.swift; sourceTree = "<group>"; };
		CEFE52C524660CB600A0C761 /* StickerInnerPackHttpModel.swift */ = {isa = PBXFileReference; lastKnownFileType = sourcecode.swift; path = StickerInnerPackHttpModel.swift; sourceTree = "<group>"; };
		CEFE52C724660DCC00A0C761 /* StickerHttpModel.swift */ = {isa = PBXFileReference; lastKnownFileType = sourcecode.swift; path = StickerHttpModel.swift; sourceTree = "<group>"; };
		CEFE52CA2466125900A0C761 /* StickerPackageRequest.swift */ = {isa = PBXFileReference; lastKnownFileType = sourcecode.swift; path = StickerPackageRequest.swift; sourceTree = "<group>"; };
		CEFE52CE2466128C00A0C761 /* BaseRequest.swift */ = {isa = PBXFileReference; lastKnownFileType = sourcecode.swift; path = BaseRequest.swift; sourceTree = "<group>"; };
		E35D6476CA2D2EFCD9AB99F4 /* Pods-Sticker.release.xcconfig */ = {isa = PBXFileReference; includeInIndex = 1; lastKnownFileType = text.xcconfig; name = "Pods-Sticker.release.xcconfig"; path = "Pods/Target Support Files/Pods-Sticker/Pods-Sticker.release.xcconfig"; sourceTree = "<group>"; };
		E98804A84C84B3CE50123F31 /* Pods-OneSignalNotificationServiceExtension.release.xcconfig */ = {isa = PBXFileReference; includeInIndex = 1; lastKnownFileType = text.xcconfig; name = "Pods-OneSignalNotificationServiceExtension.release.xcconfig"; path = "Pods/Target Support Files/Pods-OneSignalNotificationServiceExtension/Pods-OneSignalNotificationServiceExtension.release.xcconfig"; sourceTree = "<group>"; };
		FF08ACAA24B100DB006E3CB4 /* ImagesUtility.swift */ = {isa = PBXFileReference; lastKnownFileType = sourcecode.swift; path = ImagesUtility.swift; sourceTree = "<group>"; };
		FF944B7224A9BC3700B519C1 /* ios_license */ = {isa = PBXFileReference; fileEncoding = 4; lastKnownFileType = text; name = ios_license; path = ../../../../Desktop/ios_license; sourceTree = "<group>"; };
/* End PBXFileReference section */

/* Begin PBXFrameworksBuildPhase section */
		2AA4A327224CF075003F0BDC /* Frameworks */ = {
			isa = PBXFrameworksBuildPhase;
			buildActionMask = 2147483647;
			files = (
				8E03CFE0EEF20015C13249CA /* Pods_OneSignalNotificationServiceExtension.framework in Frameworks */,
			);
			runOnlyForDeploymentPostprocessing = 0;
		};
		2AC6E33D21C76883005FFDB8 /* Frameworks */ = {
			isa = PBXFrameworksBuildPhase;
			buildActionMask = 2147483647;
			files = (
				2A2F8CBB222D3E21002B412A /* UIKit.framework in Frameworks */,
				2A2F8CB9222D3E10002B412A /* CoreFoundation.framework in Frameworks */,
				2A391BD22238FC69001E99D8 /* GoogleMobileAds.framework in Frameworks */,
				2A2F8CB7222D3E09002B412A /* QuartzCore.framework in Frameworks */,
				2A2F8CB5222D3DF9002B412A /* AssetsLibrary.framework in Frameworks */,
				2A2F8CB3222D3DF3002B412A /* ImageIO.framework in Frameworks */,
				2A2F8CB1222D3DE5002B412A /* Accelerate.framework in Frameworks */,
				2A2F8CAF222D3DE0002B412A /* MobileCoreServices.framework in Frameworks */,
				2A2F8CAD222D3DCA002B412A /* WebP.framework in Frameworks */,
				FE7FD0AD6D7B3B21D3D7A6EA /* Pods_Sticker.framework in Frameworks */,
			);
			runOnlyForDeploymentPostprocessing = 0;
		};
/* End PBXFrameworksBuildPhase section */

/* Begin PBXGroup section */
		2A146F00222CD9A500FEDF34 /* Image */ = {
			isa = PBXGroup;
			children = (
				2A818B7522BA3700005DECE4 /* delete.png */,
				2A818B7622BA3700005DECE4 /* edit.png */,
				2ACD40FE22B3D27300FCAA5C /* tick.png */,
				2ACD40FA22B39CC500FCAA5C /* add.png */,
				2AC2A70223BC99A100083265 /* white_logo.png */,
				2A9C4B9922AFAA1D00B74B38 /* down.png */,
				2A425D6222392DD0007E8C0E /* rate.png */,
				2A425D6322392DD0007E8C0E /* share.png */,
				2AFC8B6A223255DC007DB18E /* ex.png */,
				2AFC8B68223234A8007DB18E /* viwe_more.png */,
				2A146F01222CDABA00FEDF34 /* back.png */,
			);
			path = Image;
			sourceTree = "<group>";
		};
		2A36144023B493170058213A /* cell */ = {
			isa = PBXGroup;
			children = (
				CEBED2CE245FC24900FFD965 /* SideMenuLogoTableViewCell.swift */,
				CEBED2CF245FC24900FFD965 /* SideMenuLogoTableViewCell.xib */,
			);
			path = cell;
			sourceTree = "<group>";
		};
		2AA4A32B224CF075003F0BDC /* OneSignalNotificationServiceExtension */ = {
			isa = PBXGroup;
			children = (
				2AA4A32C224CF075003F0BDC /* NotificationService.swift */,
				2AA4A32E224CF075003F0BDC /* Info.plist */,
			);
			path = OneSignalNotificationServiceExtension;
			sourceTree = "<group>";
		};
		2AC6E33721C76883005FFDB8 = {
			isa = PBXGroup;
			children = (
				2AC6E34221C76883005FFDB8 /* Sticker */,
				2AA4A32B224CF075003F0BDC /* OneSignalNotificationServiceExtension */,
				2AC6E34121C76883005FFDB8 /* Products */,
				53145FC72C6277D36337860F /* Pods */,
				6C10E8917570D08789C20C4D /* Frameworks */,
			);
			sourceTree = "<group>";
		};
		2AC6E34121C76883005FFDB8 /* Products */ = {
			isa = PBXGroup;
			children = (
				2AC6E34021C76883005FFDB8 /* Sticker.app */,
				2AA4A32A224CF075003F0BDC /* OneSignalNotificationServiceExtension.appex */,
			);
			name = Products;
			sourceTree = "<group>";
		};
		2AC6E34221C76883005FFDB8 /* Sticker */ = {
			isa = PBXGroup;
			children = (
				FF944B7224A9BC3700B519C1 /* ios_license */,
				CEF909B82473217000FBE390 /* enums */,
				CE424169246C8B8A00B4897E /* extensions */,
				CEFE52CD2466127600A0C761 /* requests */,
				CEFE52BB246326A400A0C761 /* views */,
				CEBED2DA245FFADB00FFD965 /* models */,
				CE5E0879245F0E31003FFA6A /* managers */,
				2AA4A336224CF1BB003F0BDC /* Sticker.entitlements */,
				2AC6E34321C76883005FFDB8 /* AppDelegate.swift */,
				2A425D6022390B56007E8C0E /* Config.swift */,
				2ADFCA53222A5FBF00D299CF /* WebP */,
				2A146F00222CD9A500FEDF34 /* Image */,
				2ADFCA44222A5EDC00D299CF /* Library */,
				2ADFCA43222A5ECA00D299CF /* ViewController */,
				2AC6E34721C76883005FFDB8 /* Main.storyboard */,
				2AC6E34A21C76884005FFDB8 /* Assets.xcassets */,
				2AC6E34C21C76884005FFDB8 /* LaunchScreen.storyboard */,
				2AC6E34F21C76884005FFDB8 /* Info.plist */,
				CE424161246B468F00B4897E /* Constants.swift */,
			);
			path = Sticker;
			sourceTree = "<group>";
		};
		2ADFCA43222A5ECA00D299CF /* ViewController */ = {
			isa = PBXGroup;
			children = (
				CEBED2ED24619A5000FFD965 /* shared */,
				2A36144023B493170058213A /* cell */,
				CE5E086F245EFDAB003FFA6A /* StartViewController.swift */,
				CE5E0871245EFDF3003FFA6A /* Init1ViewController.swift */,
				CE5E0873245EFE0E003FFA6A /* Init2ViewController.swift */,
				CE5E0875245EFE37003FFA6A /* Init3ViewController.swift */,
				CE5E0877245EFF25003FFA6A /* StartUIPageController.swift */,
				CE5E0880245F2773003FFA6A /* PrincipalViewController.swift */,
				CE12188C245F9F750008B9C0 /* StickersMakerViewController.swift */,
				CEBED2CC245FBD5000FFD965 /* SideMenuUITableViewController.swift */,
				CEBED2DF246133FF00FFD965 /* PackageDetailViewController.swift */,
				CEFE52B52462F76F00A0C761 /* EditPackageImageViewController.swift */,
				CE42416C246C99E800B4897E /* PackageDetailUIViewController.swift */,
				CE676172246D1D5A000D206C /* DetailOfPackageViewController.swift */,
				CEF909C2247333C400FBE390 /* DeleteStickerViewController.swift */,
			);
			path = ViewController;
			sourceTree = "<group>";
		};
		2ADFCA44222A5EDC00D299CF /* Library */ = {
			isa = PBXGroup;
			children = (
				2A2F8CBE222D47E7002B412A /* UIAlertController+Additions.swift */,
				2AB3F3392233BFFC002B047B /* ZFRippleButton.swift */,
				2ADFCA4A222A5F6A00D299CF /* ImageData.swift */,
				2ADFCA47222A5F6A00D299CF /* Interoperability.swift */,
				2ADFCA45222A5F6A00D299CF /* Limits.swift */,
				2ADFCA4B222A5F6A00D299CF /* Sticker.swift */,
				2ADFCA49222A5F6A00D299CF /* StickerPack.swift */,
				2ADFCA46222A5F6A00D299CF /* StickerPackManager.swift */,
				2ADFCA48222A5F6A00D299CF /* WebPManager.swift */,
			);
			path = Library;
			sourceTree = "<group>";
		};
		2ADFCA53222A5FBF00D299CF /* WebP */ = {
			isa = PBXGroup;
			children = (
				2ADFCA5C222A5FD600D299CF /* YYAnimatedImageView.h */,
				2ADFCA55222A5FD500D299CF /* YYAnimatedImageView.m */,
				2ADFCA58222A5FD500D299CF /* YYFrameImage.h */,
				2ADFCA5D222A5FD600D299CF /* YYFrameImage.m */,
				2ADFCA59222A5FD600D299CF /* YYImage.h */,
				2ADFCA5E222A5FD600D299CF /* YYImage.m */,
				2ADFCA56222A5FD500D299CF /* YYImageCoder.h */,
				2ADFCA57222A5FD500D299CF /* YYImageCoder.m */,
				2ADFCA5A222A5FD600D299CF /* YYSpriteSheetImage.h */,
				2ADFCA5B222A5FD600D299CF /* YYSpriteSheetImage.m */,
				2ADFCA54222A5FD500D299CF /* Sticker-Bridging-Header.h */,
			);
			path = WebP;
			sourceTree = "<group>";
		};
		53145FC72C6277D36337860F /* Pods */ = {
			isa = PBXGroup;
			children = (
				1733CEBF5BCD800DCC457A5D /* Pods-Sticker.debug.xcconfig */,
				E35D6476CA2D2EFCD9AB99F4 /* Pods-Sticker.release.xcconfig */,
				48A13DAF1EE892A73989E140 /* Pods-OneSignalNotificationServiceExtension.debug.xcconfig */,
				E98804A84C84B3CE50123F31 /* Pods-OneSignalNotificationServiceExtension.release.xcconfig */,
			);
			name = Pods;
			sourceTree = "<group>";
		};
		6C10E8917570D08789C20C4D /* Frameworks */ = {
			isa = PBXGroup;
			children = (
				2A391BD12238FC69001E99D8 /* GoogleMobileAds.framework */,
				2A2F8CBA222D3E21002B412A /* UIKit.framework */,
				2A2F8CB8222D3E0F002B412A /* CoreFoundation.framework */,
				2A2F8CB6222D3E09002B412A /* QuartzCore.framework */,
				2A2F8CB4222D3DF9002B412A /* AssetsLibrary.framework */,
				2A2F8CB2222D3DF3002B412A /* ImageIO.framework */,
				2A2F8CB0222D3DE5002B412A /* Accelerate.framework */,
				2A2F8CAE222D3DE0002B412A /* MobileCoreServices.framework */,
				2A2F8CAC222D3DC9002B412A /* WebP.framework */,
				76EB5B6C26FFDCC3CF554B13 /* Pods_Sticker.framework */,
				468C9B1CD0AAE7E20284BCFB /* Pods_OneSignalNotificationServiceExtension.framework */,
				2A32D12D239E20A5005C6986 /* Messages.framework */,
				1F61E110D6EB1A97BD64D39E /* Pods_iSticker.framework */,
			);
			name = Frameworks;
			sourceTree = "<group>";
		};
		CE0937742471239900EF328B /* tables */ = {
			isa = PBXGroup;
			children = (
				CE676174246DE9F2000D206C /* BaseUITableView.swift */,
				CE676176246DEF0A000D206C /* PrincipalBaseUITableView.swift */,
				CE676178246E0688000D206C /* PackageDetailBaseUITableView.swift */,
				CE0937752471B52800EF328B /* StickersMakerUITableView.swift */,
			);
			path = tables;
			sourceTree = "<group>";
		};
		CE424169246C8B8A00B4897E /* extensions */ = {
			isa = PBXGroup;
			children = (
				CE42416A246C8B9700B4897E /* UIStackView.swift */,
				CEF909C024732B1E00FBE390 /* ExtensionUIImageView.swift */,
				CEF909C6247350CC00FBE390 /* Extension UIImage.swift */,
				CEC3799B2486214B003F840E /* CollectionExtension.swift */,
			);
			path = extensions;
			sourceTree = "<group>";
		};
		CE5E0879245F0E31003FFA6A /* managers */ = {
			isa = PBXGroup;
			children = (
				CE5E087A245F0E43003FFA6A /* PHPhotoLibraryManager.swift */,
				CE5E087C245F1D54003FFA6A /* ViewControllersManager.swift */,
				CE5E087E245F20E1003FFA6A /* AlertManager.swift */,
				CEBED2D2245FE23900FFD965 /* Share.swift */,
				CEBED2D6245FF3E300FFD965 /* AddsManager.swift */,
				CEBED2D8245FF87900FFD965 /* StickersManager.swift */,
				CEBED2EB2461976300FFD965 /* TwoDialogManager.swift */,
				CE424167246C38B000B4897E /* LoadingIcon.swift */,
				CEA6DED3246F2618002FEC96 /* TablesCache.swift */,
				CEC3799D24867F26003F840E /* WhatsappStickerManager.swift */,
				CEC3799F2486C74F003F840E /* MultiFileDownloaderManager.swift */,
				CEC379A12486F71A003F840E /* FilesManager.swift */,
				FF08ACAA24B100DB006E3CB4 /* ImagesUtility.swift */,
			);
			path = managers;
			sourceTree = "<group>";
		};
		CEBED2DA245FFADB00FFD965 /* models */ = {
			isa = PBXGroup;
			children = (
				CEFE52BE24660AA700A0C761 /* http */,
				CEBED2DB245FFAF600FFD965 /* StickerPackage.swift */,
				CEBED2DD245FFC6E00FFD965 /* StickerModel.swift */,
				CEFE52B924631FDF00A0C761 /* PackageDetailTableRow.swift */,
			);
			path = models;
			sourceTree = "<group>";
		};
		CEBED2ED24619A5000FFD965 /* shared */ = {
			isa = PBXGroup;
			children = (
				CEBED2EE24619A7200FFD965 /* PackageDetailShare.swift */,
				CEFE52B72462F7E900A0C761 /* EditPackageImageShare.swift */,
				CE67616E246CD223000D206C /* PackageDetailUIShare.swift */,
				CE676170246CF22F000D206C /* PrincipalShare.swift */,
				CEA6DED7246F8CC7002FEC96 /* DetailOfPackageShare.swift */,
				CEF909C42473347D00FBE390 /* DeleteStickerShare.swift */,
			);
			path = shared;
			sourceTree = "<group>";
		};
		CEF909B82473217000FBE390 /* enums */ = {
			isa = PBXGroup;
			children = (
			);
			path = enums;
			sourceTree = "<group>";
		};
		CEFE52BB246326A400A0C761 /* views */ = {
			isa = PBXGroup;
			children = (
				CE0937742471239900EF328B /* tables */,
				CEFE52BC246326DA00A0C761 /* DetailsPackageUIImageView.swift */,
			);
			path = views;
			sourceTree = "<group>";
		};
		CEFE52BE24660AA700A0C761 /* http */ = {
			isa = PBXGroup;
			children = (
				CEFE52BF24660ACE00A0C761 /* DataHttpModel.swift */,
				CEFE52C324660B0F00A0C761 /* StickerPackageHttpModel.swift */,
				CEFE52C524660CB600A0C761 /* StickerInnerPackHttpModel.swift */,
				CEFE52C724660DCC00A0C761 /* StickerHttpModel.swift */,
			);
			path = http;
			sourceTree = "<group>";
		};
		CEFE52CD2466127600A0C761 /* requests */ = {
			isa = PBXGroup;
			children = (
				CEFE52CA2466125900A0C761 /* StickerPackageRequest.swift */,
				CEFE52CE2466128C00A0C761 /* BaseRequest.swift */,
				CE424165246B59D800B4897E /* RequestsFactor.swift */,
			);
			path = requests;
			sourceTree = "<group>";
		};
/* End PBXGroup section */

/* Begin PBXNativeTarget section */
		2AA4A329224CF075003F0BDC /* OneSignalNotificationServiceExtension */ = {
			isa = PBXNativeTarget;
			buildConfigurationList = 2AA4A334224CF076003F0BDC /* Build configuration list for PBXNativeTarget "OneSignalNotificationServiceExtension" */;
			buildPhases = (
				F88D0A63E7B30B4A4482C268 /* [CP] Check Pods Manifest.lock */,
				2AA4A326224CF075003F0BDC /* Sources */,
				2AA4A327224CF075003F0BDC /* Frameworks */,
				2AA4A328224CF075003F0BDC /* Resources */,
			);
			buildRules = (
			);
			dependencies = (
			);
			name = OneSignalNotificationServiceExtension;
			productName = OneSignalNotificationServiceExtension;
			productReference = 2AA4A32A224CF075003F0BDC /* OneSignalNotificationServiceExtension.appex */;
			productType = "com.apple.product-type.app-extension";
		};
		2AC6E33F21C76883005FFDB8 /* Sticker */ = {
			isa = PBXNativeTarget;
			buildConfigurationList = 2AC6E35221C76884005FFDB8 /* Build configuration list for PBXNativeTarget "Sticker" */;
			buildPhases = (
				86F8B19FDB0F8DA87BB2C017 /* [CP] Check Pods Manifest.lock */,
				2AC6E33C21C76883005FFDB8 /* Sources */,
				2AC6E33D21C76883005FFDB8 /* Frameworks */,
				2AC6E33E21C76883005FFDB8 /* Resources */,
				460ACF19C210E2BDE97669E9 /* [CP] Embed Pods Frameworks */,
				2AA4A335224CF076003F0BDC /* Embed App Extensions */,
			);
			buildRules = (
			);
			dependencies = (
				2AA4A330224CF075003F0BDC /* PBXTargetDependency */,
			);
			name = Sticker;
			productName = Sticker;
			productReference = 2AC6E34021C76883005FFDB8 /* Sticker.app */;
			productType = "com.apple.product-type.application";
		};
/* End PBXNativeTarget section */

/* Begin PBXProject section */
		2AC6E33821C76883005FFDB8 /* Project object */ = {
			isa = PBXProject;
			attributes = {
				LastSwiftUpdateCheck = 0940;
				LastUpgradeCheck = 0940;
				ORGANIZATIONNAME = Mehul;
				TargetAttributes = {
					2AA4A329224CF075003F0BDC = {
						CreatedOnToolsVersion = 9.4.1;
					};
					2AC6E33F21C76883005FFDB8 = {
						CreatedOnToolsVersion = 9.4.1;
						LastSwiftMigration = 0940;
						SystemCapabilities = {
							com.apple.ApplicationGroups.iOS = {
								enabled = 0;
							};
							com.apple.BackgroundModes = {
								enabled = 1;
							};
							com.apple.Push = {
								enabled = 1;
							};
						};
					};
				};
			};
			buildConfigurationList = 2AC6E33B21C76883005FFDB8 /* Build configuration list for PBXProject "Sticker" */;
			compatibilityVersion = "Xcode 9.3";
			developmentRegion = en;
			hasScannedForEncodings = 0;
			knownRegions = (
				en,
				Base,
			);
			mainGroup = 2AC6E33721C76883005FFDB8;
			productRefGroup = 2AC6E34121C76883005FFDB8 /* Products */;
			projectDirPath = "";
			projectRoot = "";
			targets = (
				2AC6E33F21C76883005FFDB8 /* Sticker */,
				2AA4A329224CF075003F0BDC /* OneSignalNotificationServiceExtension */,
			);
		};
/* End PBXProject section */

/* Begin PBXResourcesBuildPhase section */
		2AA4A328224CF075003F0BDC /* Resources */ = {
			isa = PBXResourcesBuildPhase;
			buildActionMask = 2147483647;
			files = (
			);
			runOnlyForDeploymentPostprocessing = 0;
		};
		2AC6E33E21C76883005FFDB8 /* Resources */ = {
			isa = PBXResourcesBuildPhase;
			buildActionMask = 2147483647;
			files = (
				2AFC8B6B223255DC007DB18E /* ex.png in Resources */,
				2A9C4B9A22AFAA1D00B74B38 /* down.png in Resources */,
				2ACD40FF22B3D27300FCAA5C /* tick.png in Resources */,
				CEBED2D1245FC24900FFD965 /* SideMenuLogoTableViewCell.xib in Resources */,
				2A146F02222CDABA00FEDF34 /* back.png in Resources */,
				2AC6E34E21C76884005FFDB8 /* LaunchScreen.storyboard in Resources */,
				2AC6E34B21C76884005FFDB8 /* Assets.xcassets in Resources */,
				2A818B7722BA3700005DECE4 /* delete.png in Resources */,
				FF944B7324A9BC3700B519C1 /* ios_license in Resources */,
				2A818B7822BA3700005DECE4 /* edit.png in Resources */,
				2ACD40FB22B39CC500FCAA5C /* add.png in Resources */,
				2A425D6422392DD0007E8C0E /* rate.png in Resources */,
				2AC2A70323BC99A100083265 /* white_logo.png in Resources */,
				2AFC8B69223234A8007DB18E /* viwe_more.png in Resources */,
				2AC6E34921C76883005FFDB8 /* Main.storyboard in Resources */,
				2A425D6522392DD0007E8C0E /* share.png in Resources */,
			);
			runOnlyForDeploymentPostprocessing = 0;
		};
/* End PBXResourcesBuildPhase section */

/* Begin PBXShellScriptBuildPhase section */
		460ACF19C210E2BDE97669E9 /* [CP] Embed Pods Frameworks */ = {
			isa = PBXShellScriptBuildPhase;
			buildActionMask = 2147483647;
			files = (
			);
			inputFileListPaths = (
				"${PODS_ROOT}/Target Support Files/Pods-Sticker/Pods-Sticker-frameworks-${CONFIGURATION}-input-files.xcfilelist",
			);
			name = "[CP] Embed Pods Frameworks";
			outputFileListPaths = (
				"${PODS_ROOT}/Target Support Files/Pods-Sticker/Pods-Sticker-frameworks-${CONFIGURATION}-output-files.xcfilelist",
			);
			runOnlyForDeploymentPostprocessing = 0;
			shellPath = /bin/sh;
			shellScript = "\"${PODS_ROOT}/Target Support Files/Pods-Sticker/Pods-Sticker-frameworks.sh\"\n";
			showEnvVarsInLog = 0;
		};
		86F8B19FDB0F8DA87BB2C017 /* [CP] Check Pods Manifest.lock */ = {
			isa = PBXShellScriptBuildPhase;
			buildActionMask = 2147483647;
			files = (
			);
			inputPaths = (
				"${PODS_PODFILE_DIR_PATH}/Podfile.lock",
				"${PODS_ROOT}/Manifest.lock",
			);
			name = "[CP] Check Pods Manifest.lock";
			outputPaths = (
				"$(DERIVED_FILE_DIR)/Pods-Sticker-checkManifestLockResult.txt",
			);
			runOnlyForDeploymentPostprocessing = 0;
			shellPath = /bin/sh;
			shellScript = "diff \"${PODS_PODFILE_DIR_PATH}/Podfile.lock\" \"${PODS_ROOT}/Manifest.lock\" > /dev/null\nif [ $? != 0 ] ; then\n    # print error to STDERR\n    echo \"error: The sandbox is not in sync with the Podfile.lock. Run 'pod install' or update your CocoaPods installation.\" >&2\n    exit 1\nfi\n# This output is used by Xcode 'outputs' to avoid re-running this script phase.\necho \"SUCCESS\" > \"${SCRIPT_OUTPUT_FILE_0}\"\n";
			showEnvVarsInLog = 0;
		};
		F88D0A63E7B30B4A4482C268 /* [CP] Check Pods Manifest.lock */ = {
			isa = PBXShellScriptBuildPhase;
			buildActionMask = 2147483647;
			files = (
			);
			inputPaths = (
				"${PODS_PODFILE_DIR_PATH}/Podfile.lock",
				"${PODS_ROOT}/Manifest.lock",
			);
			name = "[CP] Check Pods Manifest.lock";
			outputPaths = (
				"$(DERIVED_FILE_DIR)/Pods-OneSignalNotificationServiceExtension-checkManifestLockResult.txt",
			);
			runOnlyForDeploymentPostprocessing = 0;
			shellPath = /bin/sh;
			shellScript = "diff \"${PODS_PODFILE_DIR_PATH}/Podfile.lock\" \"${PODS_ROOT}/Manifest.lock\" > /dev/null\nif [ $? != 0 ] ; then\n    # print error to STDERR\n    echo \"error: The sandbox is not in sync with the Podfile.lock. Run 'pod install' or update your CocoaPods installation.\" >&2\n    exit 1\nfi\n# This output is used by Xcode 'outputs' to avoid re-running this script phase.\necho \"SUCCESS\" > \"${SCRIPT_OUTPUT_FILE_0}\"\n";
			showEnvVarsInLog = 0;
		};
/* End PBXShellScriptBuildPhase section */

/* Begin PBXSourcesBuildPhase section */
		2AA4A326224CF075003F0BDC /* Sources */ = {
			isa = PBXSourcesBuildPhase;
			buildActionMask = 2147483647;
			files = (
				2AA4A32D224CF075003F0BDC /* NotificationService.swift in Sources */,
			);
			runOnlyForDeploymentPostprocessing = 0;
		};
		2AC6E33C21C76883005FFDB8 /* Sources */ = {
			isa = PBXSourcesBuildPhase;
			buildActionMask = 2147483647;
			files = (
				CE5E0870245EFDAB003FFA6A /* StartViewController.swift in Sources */,
				CEA6DED4246F2618002FEC96 /* TablesCache.swift in Sources */,
				CE42416D246C99E800B4897E /* PackageDetailUIViewController.swift in Sources */,
				CEBED2D0245FC24900FFD965 /* SideMenuLogoTableViewCell.swift in Sources */,
				CEBED2D7245FF3E300FFD965 /* AddsManager.swift in Sources */,
				CEC3799C2486214B003F840E /* CollectionExtension.swift in Sources */,
				2ADFCA50222A5F6A00D299CF /* StickerPack.swift in Sources */,
				CE5E0874245EFE0E003FFA6A /* Init2ViewController.swift in Sources */,
				CEA6DED8246F8CC7002FEC96 /* DetailOfPackageShare.swift in Sources */,
				CEFE52CB2466125900A0C761 /* StickerPackageRequest.swift in Sources */,
				CE424162246B468F00B4897E /* Constants.swift in Sources */,
				CEBED2D9245FF87900FFD965 /* StickersManager.swift in Sources */,
				2ADFCA4F222A5F6A00D299CF /* WebPManager.swift in Sources */,
				CE5E0876245EFE37003FFA6A /* Init3ViewController.swift in Sources */,
				CE12188D245F9F750008B9C0 /* StickersMakerViewController.swift in Sources */,
				CEC3799E24867F26003F840E /* WhatsappStickerManager.swift in Sources */,
				CEF909C124732B1E00FBE390 /* ExtensionUIImageView.swift in Sources */,
				CEBED2DE245FFC6E00FFD965 /* StickerModel.swift in Sources */,
				CEF909C7247350CC00FBE390 /* Extension UIImage.swift in Sources */,
				CEC379A22486F71A003F840E /* FilesManager.swift in Sources */,
				CEFE52BA24631FDF00A0C761 /* PackageDetailTableRow.swift in Sources */,
				2ADFCA60222A5FD600D299CF /* YYImageCoder.m in Sources */,
				2ADFCA4E222A5F6A00D299CF /* Interoperability.swift in Sources */,
				2A425D6122390B56007E8C0E /* Config.swift in Sources */,
				2ADFCA5F222A5FD600D299CF /* YYAnimatedImageView.m in Sources */,
				CEFE52C024660ACE00A0C761 /* DataHttpModel.swift in Sources */,
				2ADFCA4C222A5F6A00D299CF /* Limits.swift in Sources */,
				CE0937762471B52800EF328B /* StickersMakerUITableView.swift in Sources */,
				CEBED2CD245FBD5000FFD965 /* SideMenuUITableViewController.swift in Sources */,
				2AB3F33A2233BFFC002B047B /* ZFRippleButton.swift in Sources */,
				CE67616F246CD223000D206C /* PackageDetailUIShare.swift in Sources */,
				CEFE52C624660CB600A0C761 /* StickerInnerPackHttpModel.swift in Sources */,
				CE5E087B245F0E43003FFA6A /* PHPhotoLibraryManager.swift in Sources */,
				CEFE52C824660DCC00A0C761 /* StickerHttpModel.swift in Sources */,
				2ADFCA51222A5F6A00D299CF /* ImageData.swift in Sources */,
				CEFE52B82462F7E900A0C761 /* EditPackageImageShare.swift in Sources */,
				CEFE52CF2466128C00A0C761 /* BaseRequest.swift in Sources */,
				CE42416B246C8B9700B4897E /* UIStackView.swift in Sources */,
				CE676171246CF22F000D206C /* PrincipalShare.swift in Sources */,
				CEF909C3247333C400FBE390 /* DeleteStickerViewController.swift in Sources */,
				2ADFCA61222A5FD600D299CF /* YYSpriteSheetImage.m in Sources */,
				FF08ACAB24B100DB006E3CB4 /* ImagesUtility.swift in Sources */,
				2A2F8CBF222D47E8002B412A /* UIAlertController+Additions.swift in Sources */,
				CEBED2D3245FE23900FFD965 /* Share.swift in Sources */,
				2ADFCA4D222A5F6A00D299CF /* StickerPackManager.swift in Sources */,
				CE424166246B59D800B4897E /* RequestsFactor.swift in Sources */,
				2ADFCA62222A5FD600D299CF /* YYFrameImage.m in Sources */,
				CE676179246E0688000D206C /* PackageDetailBaseUITableView.swift in Sources */,
				CEFE52B62462F76F00A0C761 /* EditPackageImageViewController.swift in Sources */,
				CE5E0872245EFDF3003FFA6A /* Init1ViewController.swift in Sources */,
				CEBED2E0246133FF00FFD965 /* PackageDetailViewController.swift in Sources */,
				CE5E087F245F20E1003FFA6A /* AlertManager.swift in Sources */,
				CE5E0881245F2773003FFA6A /* PrincipalViewController.swift in Sources */,
				CEC379A02486C74F003F840E /* MultiFileDownloaderManager.swift in Sources */,
				CEBED2EC2461976300FFD965 /* TwoDialogManager.swift in Sources */,
				CE424168246C38B000B4897E /* LoadingIcon.swift in Sources */,
				CEBED2DC245FFAF600FFD965 /* StickerPackage.swift in Sources */,
				2AC6E34421C76883005FFDB8 /* AppDelegate.swift in Sources */,
				CEFE52BD246326DA00A0C761 /* DetailsPackageUIImageView.swift in Sources */,
				CEFE52C424660B0F00A0C761 /* StickerPackageHttpModel.swift in Sources */,
				CE676173246D1D5A000D206C /* DetailOfPackageViewController.swift in Sources */,
				CEBED2EF24619A7200FFD965 /* PackageDetailShare.swift in Sources */,
				CEF909C52473347D00FBE390 /* DeleteStickerShare.swift in Sources */,
				CE676175246DE9F2000D206C /* BaseUITableView.swift in Sources */,
				CE5E087D245F1D54003FFA6A /* ViewControllersManager.swift in Sources */,
				2ADFCA52222A5F6A00D299CF /* Sticker.swift in Sources */,
				CE676177246DEF0A000D206C /* PrincipalBaseUITableView.swift in Sources */,
				CE5E0878245EFF25003FFA6A /* StartUIPageController.swift in Sources */,
				2ADFCA63222A5FD600D299CF /* YYImage.m in Sources */,
			);
			runOnlyForDeploymentPostprocessing = 0;
		};
/* End PBXSourcesBuildPhase section */

/* Begin PBXTargetDependency section */
		2AA4A330224CF075003F0BDC /* PBXTargetDependency */ = {
			isa = PBXTargetDependency;
			target = 2AA4A329224CF075003F0BDC /* OneSignalNotificationServiceExtension */;
			targetProxy = 2AA4A32F224CF075003F0BDC /* PBXContainerItemProxy */;
		};
/* End PBXTargetDependency section */

/* Begin PBXVariantGroup section */
		2AC6E34721C76883005FFDB8 /* Main.storyboard */ = {
			isa = PBXVariantGroup;
			children = (
				2AC6E34821C76883005FFDB8 /* Base */,
			);
			name = Main.storyboard;
			sourceTree = "<group>";
		};
		2AC6E34C21C76884005FFDB8 /* LaunchScreen.storyboard */ = {
			isa = PBXVariantGroup;
			children = (
				2AC6E34D21C76884005FFDB8 /* Base */,
			);
			name = LaunchScreen.storyboard;
			sourceTree = "<group>";
		};
/* End PBXVariantGroup section */

/* Begin XCBuildConfiguration section */
		2AA4A332224CF076003F0BDC /* Debug */ = {
			isa = XCBuildConfiguration;
			baseConfigurationReference = 48A13DAF1EE892A73989E140 /* Pods-OneSignalNotificationServiceExtension.debug.xcconfig */;
			buildSettings = {
				CODE_SIGN_IDENTITY = "iPhone Developer";
				CODE_SIGN_STYLE = Automatic;
				CURRENT_PROJECT_VERSION = 3.0;
				DEVELOPMENT_TEAM = 72V232H5RB;
				ENABLE_BITCODE = NO;
				INFOPLIST_FILE = OneSignalNotificationServiceExtension/Info.plist;
				IPHONEOS_DEPLOYMENT_TARGET = 10.0;
				LD_RUNPATH_SEARCH_PATHS = (
					"$(inherited)",
					"@executable_path/Frameworks",
					"@executable_path/../../Frameworks",
				);
				MARKETING_VERSION = 2.0;
				PRODUCT_BUNDLE_IDENTIFIER = com.solucionestpvpos.stickersuavecitos.OneSignalNotificationServiceExtension;
				PRODUCT_NAME = "$(TARGET_NAME)";
				PROVISIONING_PROFILE_SPECIFIER = "";
				SKIP_INSTALL = YES;
				SWIFT_VERSION = 4.0;
				TARGETED_DEVICE_FAMILY = 1;
			};
			name = Debug;
		};
		2AA4A333224CF076003F0BDC /* Release */ = {
			isa = XCBuildConfiguration;
			baseConfigurationReference = E98804A84C84B3CE50123F31 /* Pods-OneSignalNotificationServiceExtension.release.xcconfig */;
			buildSettings = {
				CODE_SIGN_IDENTITY = "iPhone Developer";
				CODE_SIGN_STYLE = Automatic;
				CURRENT_PROJECT_VERSION = 3.0;
				DEVELOPMENT_TEAM = 72V232H5RB;
				ENABLE_BITCODE = NO;
				INFOPLIST_FILE = OneSignalNotificationServiceExtension/Info.plist;
				IPHONEOS_DEPLOYMENT_TARGET = 10.0;
				LD_RUNPATH_SEARCH_PATHS = (
					"$(inherited)",
					"@executable_path/Frameworks",
					"@executable_path/../../Frameworks",
				);
				MARKETING_VERSION = 2.0;
				PRODUCT_BUNDLE_IDENTIFIER = com.solucionestpvpos.stickersuavecitos.OneSignalNotificationServiceExtension;
				PRODUCT_NAME = "$(TARGET_NAME)";
				PROVISIONING_PROFILE_SPECIFIER = "";
				SKIP_INSTALL = YES;
				SWIFT_VERSION = 4.0;
				TARGETED_DEVICE_FAMILY = 1;
			};
			name = Release;
		};
		2AC6E35021C76884005FFDB8 /* Debug */ = {
			isa = XCBuildConfiguration;
			buildSettings = {
				ALWAYS_SEARCH_USER_PATHS = NO;
				CLANG_ANALYZER_NONNULL = YES;
				CLANG_ANALYZER_NUMBER_OBJECT_CONVERSION = YES_AGGRESSIVE;
				CLANG_CXX_LANGUAGE_STANDARD = "gnu++14";
				CLANG_CXX_LIBRARY = "libc++";
				CLANG_ENABLE_MODULES = YES;
				CLANG_ENABLE_OBJC_ARC = YES;
				CLANG_ENABLE_OBJC_WEAK = YES;
				CLANG_WARN_BLOCK_CAPTURE_AUTORELEASING = YES;
				CLANG_WARN_BOOL_CONVERSION = YES;
				CLANG_WARN_COMMA = YES;
				CLANG_WARN_CONSTANT_CONVERSION = YES;
				CLANG_WARN_DEPRECATED_OBJC_IMPLEMENTATIONS = YES;
				CLANG_WARN_DIRECT_OBJC_ISA_USAGE = YES_ERROR;
				CLANG_WARN_DOCUMENTATION_COMMENTS = YES;
				CLANG_WARN_EMPTY_BODY = YES;
				CLANG_WARN_ENUM_CONVERSION = YES;
				CLANG_WARN_INFINITE_RECURSION = YES;
				CLANG_WARN_INT_CONVERSION = YES;
				CLANG_WARN_NON_LITERAL_NULL_CONVERSION = YES;
				CLANG_WARN_OBJC_IMPLICIT_RETAIN_SELF = YES;
				CLANG_WARN_OBJC_LITERAL_CONVERSION = YES;
				CLANG_WARN_OBJC_ROOT_CLASS = YES_ERROR;
				CLANG_WARN_RANGE_LOOP_ANALYSIS = YES;
				CLANG_WARN_STRICT_PROTOTYPES = YES;
				CLANG_WARN_SUSPICIOUS_MOVE = YES;
				CLANG_WARN_UNGUARDED_AVAILABILITY = YES_AGGRESSIVE;
				CLANG_WARN_UNREACHABLE_CODE = YES;
				CLANG_WARN__DUPLICATE_METHOD_MATCH = YES;
				CODE_SIGN_IDENTITY = "iPhone Developer";
				COPY_PHASE_STRIP = NO;
				DEBUG_INFORMATION_FORMAT = dwarf;
				ENABLE_STRICT_OBJC_MSGSEND = YES;
				ENABLE_TESTABILITY = YES;
				GCC_C_LANGUAGE_STANDARD = gnu11;
				GCC_DYNAMIC_NO_PIC = NO;
				GCC_NO_COMMON_BLOCKS = YES;
				GCC_OPTIMIZATION_LEVEL = 0;
				GCC_PREPROCESSOR_DEFINITIONS = (
					"DEBUG=1",
					"$(inherited)",
				);
				GCC_WARN_64_TO_32_BIT_CONVERSION = YES;
				GCC_WARN_ABOUT_RETURN_TYPE = YES_ERROR;
				GCC_WARN_UNDECLARED_SELECTOR = YES;
				GCC_WARN_UNINITIALIZED_AUTOS = YES_AGGRESSIVE;
				GCC_WARN_UNUSED_FUNCTION = YES;
				GCC_WARN_UNUSED_VARIABLE = YES;
				IPHONEOS_DEPLOYMENT_TARGET = 11.4;
				MTL_ENABLE_DEBUG_INFO = YES;
				ONLY_ACTIVE_ARCH = YES;
				SDKROOT = iphoneos;
				SWIFT_ACTIVE_COMPILATION_CONDITIONS = DEBUG;
				SWIFT_OPTIMIZATION_LEVEL = "-Onone";
			};
			name = Debug;
		};
		2AC6E35121C76884005FFDB8 /* Release */ = {
			isa = XCBuildConfiguration;
			buildSettings = {
				ALWAYS_SEARCH_USER_PATHS = NO;
				CLANG_ANALYZER_NONNULL = YES;
				CLANG_ANALYZER_NUMBER_OBJECT_CONVERSION = YES_AGGRESSIVE;
				CLANG_CXX_LANGUAGE_STANDARD = "gnu++14";
				CLANG_CXX_LIBRARY = "libc++";
				CLANG_ENABLE_MODULES = YES;
				CLANG_ENABLE_OBJC_ARC = YES;
				CLANG_ENABLE_OBJC_WEAK = YES;
				CLANG_WARN_BLOCK_CAPTURE_AUTORELEASING = YES;
				CLANG_WARN_BOOL_CONVERSION = YES;
				CLANG_WARN_COMMA = YES;
				CLANG_WARN_CONSTANT_CONVERSION = YES;
				CLANG_WARN_DEPRECATED_OBJC_IMPLEMENTATIONS = YES;
				CLANG_WARN_DIRECT_OBJC_ISA_USAGE = YES_ERROR;
				CLANG_WARN_DOCUMENTATION_COMMENTS = YES;
				CLANG_WARN_EMPTY_BODY = YES;
				CLANG_WARN_ENUM_CONVERSION = YES;
				CLANG_WARN_INFINITE_RECURSION = YES;
				CLANG_WARN_INT_CONVERSION = YES;
				CLANG_WARN_NON_LITERAL_NULL_CONVERSION = YES;
				CLANG_WARN_OBJC_IMPLICIT_RETAIN_SELF = YES;
				CLANG_WARN_OBJC_LITERAL_CONVERSION = YES;
				CLANG_WARN_OBJC_ROOT_CLASS = YES_ERROR;
				CLANG_WARN_RANGE_LOOP_ANALYSIS = YES;
				CLANG_WARN_STRICT_PROTOTYPES = YES;
				CLANG_WARN_SUSPICIOUS_MOVE = YES;
				CLANG_WARN_UNGUARDED_AVAILABILITY = YES_AGGRESSIVE;
				CLANG_WARN_UNREACHABLE_CODE = YES;
				CLANG_WARN__DUPLICATE_METHOD_MATCH = YES;
				CODE_SIGN_IDENTITY = "iPhone Developer";
				COPY_PHASE_STRIP = NO;
				DEBUG_INFORMATION_FORMAT = "dwarf-with-dsym";
				ENABLE_NS_ASSERTIONS = NO;
				ENABLE_STRICT_OBJC_MSGSEND = YES;
				GCC_C_LANGUAGE_STANDARD = gnu11;
				GCC_NO_COMMON_BLOCKS = YES;
				GCC_WARN_64_TO_32_BIT_CONVERSION = YES;
				GCC_WARN_ABOUT_RETURN_TYPE = YES_ERROR;
				GCC_WARN_UNDECLARED_SELECTOR = YES;
				GCC_WARN_UNINITIALIZED_AUTOS = YES_AGGRESSIVE;
				GCC_WARN_UNUSED_FUNCTION = YES;
				GCC_WARN_UNUSED_VARIABLE = YES;
				IPHONEOS_DEPLOYMENT_TARGET = 11.4;
				MTL_ENABLE_DEBUG_INFO = NO;
				SDKROOT = iphoneos;
				SWIFT_COMPILATION_MODE = wholemodule;
				SWIFT_OPTIMIZATION_LEVEL = "-O";
				VALIDATE_PRODUCT = YES;
			};
			name = Release;
		};
		2AC6E35321C76884005FFDB8 /* Debug */ = {
			isa = XCBuildConfiguration;
			baseConfigurationReference = 1733CEBF5BCD800DCC457A5D /* Pods-Sticker.debug.xcconfig */;
			buildSettings = {
				ALWAYS_EMBED_SWIFT_STANDARD_LIBRARIES = YES;
				ASSETCATALOG_COMPILER_APPICON_NAME = AppIcon;
				CLANG_ENABLE_MODULES = YES;
				CODE_SIGN_ENTITLEMENTS = Sticker/Sticker.entitlements;
				CODE_SIGN_IDENTITY = "Apple Development";
				CODE_SIGN_STYLE = Automatic;
				CURRENT_PROJECT_VERSION = 3.0;
				DEVELOPMENT_TEAM = 72V232H5RB;
				ENABLE_BITCODE = NO;
				FRAMEWORK_SEARCH_PATHS = (
					"$(inherited)",
					"$(PROJECT_DIR)",
				);
				INFOPLIST_FILE = Sticker/Info.plist;
				IPHONEOS_DEPLOYMENT_TARGET = 11.0;
				LD_RUNPATH_SEARCH_PATHS = (
					"$(inherited)",
					"@executable_path/Frameworks",
				);
				MARKETING_VERSION = 2.0;
				PRODUCT_BUNDLE_IDENTIFIER = com.solucionestpvpos.stickersuavecitos;
				PRODUCT_NAME = "$(TARGET_NAME)";
				PROVISIONING_PROFILE = "";
				PROVISIONING_PROFILE_SPECIFIER = "";
				SWIFT_OBJC_BRIDGING_HEADER = "Sticker/WebP/Sticker-Bridging-Header.h";
				SWIFT_OPTIMIZATION_LEVEL = "-Onone";
				SWIFT_VERSION = 4.0;
				TARGETED_DEVICE_FAMILY = "1,2";
			};
			name = Debug;
		};
		2AC6E35421C76884005FFDB8 /* Release */ = {
			isa = XCBuildConfiguration;
			baseConfigurationReference = E35D6476CA2D2EFCD9AB99F4 /* Pods-Sticker.release.xcconfig */;
			buildSettings = {
				ALWAYS_EMBED_SWIFT_STANDARD_LIBRARIES = YES;
				ASSETCATALOG_COMPILER_APPICON_NAME = AppIcon;
				CLANG_ENABLE_MODULES = YES;
				CODE_SIGN_ENTITLEMENTS = Sticker/Sticker.entitlements;
				CODE_SIGN_IDENTITY = "Apple Development";
				CODE_SIGN_STYLE = Automatic;
				CURRENT_PROJECT_VERSION = 3.0;
				DEVELOPMENT_TEAM = 72V232H5RB;
				ENABLE_BITCODE = NO;
				FRAMEWORK_SEARCH_PATHS = (
					"$(inherited)",
					"$(PROJECT_DIR)",
				);
				INFOPLIST_FILE = Sticker/Info.plist;
				IPHONEOS_DEPLOYMENT_TARGET = 11.0;
				LD_RUNPATH_SEARCH_PATHS = (
					"$(inherited)",
					"@executable_path/Frameworks",
				);
				MARKETING_VERSION = 2.0;
				PRODUCT_BUNDLE_IDENTIFIER = com.solucionestpvpos.stickersuavecitos;
				PRODUCT_NAME = "$(TARGET_NAME)";
				PROVISIONING_PROFILE = "";
				PROVISIONING_PROFILE_SPECIFIER = "";
				SWIFT_OBJC_BRIDGING_HEADER = "Sticker/WebP/Sticker-Bridging-Header.h";
				SWIFT_VERSION = 4.0;
				TARGETED_DEVICE_FAMILY = "1,2";
			};
			name = Release;
		};
/* End XCBuildConfiguration section */

/* Begin XCConfigurationList section */
		2AA4A334224CF076003F0BDC /* Build configuration list for PBXNativeTarget "OneSignalNotificationServiceExtension" */ = {
			isa = XCConfigurationList;
			buildConfigurations = (
				2AA4A332224CF076003F0BDC /* Debug */,
				2AA4A333224CF076003F0BDC /* Release */,
			);
			defaultConfigurationIsVisible = 0;
			defaultConfigurationName = Release;
		};
		2AC6E33B21C76883005FFDB8 /* Build configuration list for PBXProject "Sticker" */ = {
			isa = XCConfigurationList;
			buildConfigurations = (
				2AC6E35021C76884005FFDB8 /* Debug */,
				2AC6E35121C76884005FFDB8 /* Release */,
			);
			defaultConfigurationIsVisible = 0;
			defaultConfigurationName = Release;
		};
		2AC6E35221C76884005FFDB8 /* Build configuration list for PBXNativeTarget "Sticker" */ = {
			isa = XCConfigurationList;
			buildConfigurations = (
				2AC6E35321C76884005FFDB8 /* Debug */,
				2AC6E35421C76884005FFDB8 /* Release */,
			);
			defaultConfigurationIsVisible = 0;
			defaultConfigurationName = Release;
		};
/* End XCConfigurationList section */
	};
	rootObject = 2AC6E33821C76883005FFDB8 /* Project object */;
}
